
Microsoft Visual Studio Solution File, Format Version 12.00
# Visual Studio 15
VisualStudioVersion = 15.0.28307.757
MinimumVisualStudioVersion = 10.0.40219.1
Project("{FAE04EC0-301F-11D3-BF4B-00C04F79EFBC}") = "WcfServiceTp2RestOffresEmplois", "WcfServiceTp2RestOffresEmplois\WcfServiceTp2RestOffresEmplois.csproj", "{D64BA58A-9332-450B-95BA-45AA4CAE10D0}"
EndProject
Global
	GlobalSection(SolutionConfigurationPlatforms) = preSolution
		Debug|Any CPU = Debug|Any CPU
		Release|Any CPU = Release|Any CPU
	EndGlobalSection
	GlobalSection(ProjectConfigurationPlatforms) = postSolution
		{D64BA58A-9332-450B-95BA-45AA4CAE10D0}.Debug|Any CPU.ActiveCfg = Debug|Any CPU
		{D64BA58A-9332-450B-95BA-45AA4CAE10D0}.Debug|Any CPU.Build.0 = Debug|Any CPU
		{D64BA58A-9332-450B-95BA-45AA4CAE10D0}.Release|Any CPU.ActiveCfg = Release|Any CPU
		{D64BA58A-9332-450B-95BA-45AA4CAE10D0}.Release|Any CPU.Build.0 = Release|Any CPU
	EndGlobalSection
	GlobalSection(SolutionProperties) = preSolution
		HideSolutionNode = FALSE
	EndGlobalSection
	GlobalSection(ExtensibilityGlobals) = postSolution
		SolutionGuid = {DF3F48FB-9DC3-44AA-8782-E1E2E4C2772B}
	EndGlobalSection
EndGlobal
